
Microsoft Visual Studio Solution File, Format Version 12.00
# Visual Studio Version 17
VisualStudioVersion = 17.14.36301.6 d17.14
MinimumVisualStudioVersion = 10.0.40219.1
Project("{FAE04EC0-301F-11D3-BF4B-00C04F79EFBC}") = "Presentation Layer", "Presentation Layer\Presentation Layer.csproj", "{404B5814-DC64-4A74-B20D-63B4A9547FE9}"
EndProject
Project("{FAE04EC0-301F-11D3-BF4B-00C04F79EFBC}") = "Data Access", "Data Access\Data Access.csproj", "{4BB92D65-34D8-40DC-9C8B-C843449E772F}"
EndProject
Project("{FAE04EC0-301F-11D3-BF4B-00C04F79EFBC}") = "Business Logic", "Business Logic\Business Logic.csproj", "{61C94F98-9D4D-4054-B8C5-AE99C2A5E4A5}"
EndProject
Global
	GlobalSection(SolutionConfigurationPlatforms) = preSolution
		Debug|Any CPU = Debug|Any CPU
		Release|Any CPU = Release|Any CPU
	EndGlobalSection
	GlobalSection(ProjectConfigurationPlatforms) = postSolution
		{404B5814-DC64-4A74-B20D-63B4A9547FE9}.Debug|Any CPU.ActiveCfg = Debug|Any CPU
		{404B5814-DC64-4A74-B20D-63B4A9547FE9}.Debug|Any CPU.Build.0 = Debug|Any CPU
		{404B5814-DC64-4A74-B20D-63B4A9547FE9}.Release|Any CPU.ActiveCfg = Release|Any CPU
		{404B5814-DC64-4A74-B20D-63B4A9547FE9}.Release|Any CPU.Build.0 = Release|Any CPU
		{4BB92D65-34D8-40DC-9C8B-C843449E772F}.Debug|Any CPU.ActiveCfg = Debug|Any CPU
		{4BB92D65-34D8-40DC-9C8B-C843449E772F}.Debug|Any CPU.Build.0 = Debug|Any CPU
		{4BB92D65-34D8-40DC-9C8B-C843449E772F}.Release|Any CPU.ActiveCfg = Release|Any CPU
		{4BB92D65-34D8-40DC-9C8B-C843449E772F}.Release|Any CPU.Build.0 = Release|Any CPU
		{61C94F98-9D4D-4054-B8C5-AE99C2A5E4A5}.Debug|Any CPU.ActiveCfg = Debug|Any CPU
		{61C94F98-9D4D-4054-B8C5-AE99C2A5E4A5}.Debug|Any CPU.Build.0 = Debug|Any CPU
		{61C94F98-9D4D-4054-B8C5-AE99C2A5E4A5}.Release|Any CPU.ActiveCfg = Release|Any CPU
		{61C94F98-9D4D-4054-B8C5-AE99C2A5E4A5}.Release|Any CPU.Build.0 = Release|Any CPU
	EndGlobalSection
	GlobalSection(SolutionProperties) = preSolution
		HideSolutionNode = FALSE
	EndGlobalSection
	GlobalSection(ExtensibilityGlobals) = postSolution
		SolutionGuid = {883C5C30-8C78-4E57-BA09-2A5438E4AF08}
	EndGlobalSection
EndGlobal
